// !$*UTF8*$!
{
	archiveVersion = 1;
	classes = {
	};
	objectVersion = 46;
	objects = {

/* Begin PBXBuildFile section */
		292BC82F1DA7F8E600C97C80 /* AppDelegate.swift in Sources */ = {isa = PBXBuildFile; fileRef = 292BC82E1DA7F8E600C97C80 /* AppDelegate.swift */; };
		292BC8311DA7F8E600C97C80 /* Assets.xcassets in Resources */ = {isa = PBXBuildFile; fileRef = 292BC8301DA7F8E600C97C80 /* Assets.xcassets */; };
		292BC8341DA7F8E600C97C80 /* MainMenu.xib in Resources */ = {isa = PBXBuildFile; fileRef = 292BC8321DA7F8E600C97C80 /* MainMenu.xib */; };
		292BC8CF1DA93ED200C97C80 /* test.m in Sources */ = {isa = PBXBuildFile; fileRef = 292BC8CE1DA93ED200C97C80 /* test.m */; };
		292BC8DE1DA9405000C97C80 /* MainMenu.xib in Resources */ = {isa = PBXBuildFile; fileRef = 292BC8D51DA9405000C97C80 /* MainMenu.xib */; };
		292BC8DF1DA9405000C97C80 /* Info.plist in Resources */ = {isa = PBXBuildFile; fileRef = 292BC8D71DA9405000C97C80 /* Info.plist */; };
		292BC8E61DA9425400C97C80 /* funcs.m in Sources */ = {isa = PBXBuildFile; fileRef = 292BC8E51DA9425400C97C80 /* funcs.m */; };
/* End PBXBuildFile section */

/* Begin PBXContainerItemProxy section */
		292BC8E21DA9405000C97C80 /* PBXContainerItemProxy */ = {
			isa = PBXContainerItemProxy;
			containerPortal = 292BC8D91DA9405000C97C80 /* cache.xcodeproj */;
			proxyType = 2;
			remoteGlobalIDString = 292BC89F1DA93BC000C97C80;
			remoteInfo = cache;
		};
/* End PBXContainerItemProxy section */

/* Begin PBXFileReference section */
		292BC82B1DA7F8E600C97C80 /* multiLanguage.app */ = {isa = PBXFileReference; explicitFileType = wrapper.application; includeInIndex = 0; path = multiLanguage.app; sourceTree = BUILT_PRODUCTS_DIR; };
		292BC82E1DA7F8E600C97C80 /* AppDelegate.swift */ = {isa = PBXFileReference; lastKnownFileType = sourcecode.swift; path = AppDelegate.swift; sourceTree = "<group>"; };
		292BC8301DA7F8E600C97C80 /* Assets.xcassets */ = {isa = PBXFileReference; lastKnownFileType = folder.assetcatalog; path = Assets.xcassets; sourceTree = "<group>"; };
		292BC8331DA7F8E600C97C80 /* Base */ = {isa = PBXFileReference; lastKnownFileType = file.xib; name = Base; path = Base.lproj/MainMenu.xib; sourceTree = "<group>"; };
		292BC8351DA7F8E600C97C80 /* Info.plist */ = {isa = PBXFileReference; lastKnownFileType = text.plist.xml; path = Info.plist; sourceTree = "<group>"; };
		292BC8CC1DA93ED200C97C80 /* multiLanguage-Bridging-Header.h */ = {isa = PBXFileReference; lastKnownFileType = sourcecode.c.h; path = "multiLanguage-Bridging-Header.h"; sourceTree = "<group>"; };
		292BC8CD1DA93ED200C97C80 /* test.h */ = {isa = PBXFileReference; fileEncoding = 4; lastKnownFileType = sourcecode.c.h; path = test.h; sourceTree = "<group>"; };
		292BC8CE1DA93ED200C97C80 /* test.m */ = {isa = PBXFileReference; fileEncoding = 4; lastKnownFileType = sourcecode.c.objc; path = test.m; sourceTree = "<group>"; };
		292BC8D61DA9405000C97C80 /* Base */ = {isa = PBXFileReference; lastKnownFileType = file.xib; name = Base; path = Base.lproj/MainMenu.xib; sourceTree = "<group>"; };
		292BC8D71DA9405000C97C80 /* Info.plist */ = {isa = PBXFileReference; fileEncoding = 4; lastKnownFileType = text.plist.xml; path = Info.plist; sourceTree = "<group>"; };
		292BC8D91DA9405000C97C80 /* cache.xcodeproj */ = {isa = PBXFileReference; lastKnownFileType = "wrapper.pb-project"; path = cache.xcodeproj; sourceTree = "<group>"; };
		292BC8E41DA9425400C97C80 /* funcs.h */ = {isa = PBXFileReference; fileEncoding = 4; lastKnownFileType = sourcecode.c.h; path = funcs.h; sourceTree = "<group>"; };
		292BC8E51DA9425400C97C80 /* funcs.m */ = {isa = PBXFileReference; fileEncoding = 4; lastKnownFileType = sourcecode.c.objc; path = funcs.m; sourceTree = "<group>"; };
/* End PBXFileReference section */

/* Begin PBXFrameworksBuildPhase section */
		292BC8281DA7F8E600C97C80 /* Frameworks */ = {
			isa = PBXFrameworksBuildPhase;
			buildActionMask = 2147483647;
			files = (
			);
			runOnlyForDeploymentPostprocessing = 0;
		};
/* End PBXFrameworksBuildPhase section */

/* Begin PBXGroup section */
		292BC8221DA7F8E600C97C80 = {
			isa = PBXGroup;
			children = (
				292BC8D01DA9405000C97C80 /* cache */,
				292BC82D1DA7F8E600C97C80 /* multiLanguage */,
				292BC82C1DA7F8E600C97C80 /* Products */,
			);
			sourceTree = "<group>";
		};
		292BC82C1DA7F8E600C97C80 /* Products */ = {
			isa = PBXGroup;
			children = (
				292BC82B1DA7F8E600C97C80 /* multiLanguage.app */,
			);
			name = Products;
			sourceTree = "<group>";
		};
		292BC82D1DA7F8E600C97C80 /* multiLanguage */ = {
			isa = PBXGroup;
			children = (
				292BC82E1DA7F8E600C97C80 /* AppDelegate.swift */,
				292BC8301DA7F8E600C97C80 /* Assets.xcassets */,
				292BC8321DA7F8E600C97C80 /* MainMenu.xib */,
				292BC8351DA7F8E600C97C80 /* Info.plist */,
				292BC8CD1DA93ED200C97C80 /* test.h */,
				292BC8CE1DA93ED200C97C80 /* test.m */,
				292BC8CC1DA93ED200C97C80 /* multiLanguage-Bridging-Header.h */,
			);
			path = multiLanguage;
			sourceTree = "<group>";
		};
		292BC8D01DA9405000C97C80 /* cache */ = {
			isa = PBXGroup;
			children = (
				292BC8D11DA9405000C97C80 /* cache */,
				292BC8D91DA9405000C97C80 /* cache.xcodeproj */,
			);
			path = cache;
			sourceTree = "<group>";
		};
		292BC8D11DA9405000C97C80 /* cache */ = {
			isa = PBXGroup;
			children = (
				292BC8D51DA9405000C97C80 /* MainMenu.xib */,
				292BC8D71DA9405000C97C80 /* Info.plist */,
				292BC8E41DA9425400C97C80 /* funcs.h */,
				292BC8E51DA9425400C97C80 /* funcs.m */,
			);
			path = cache;
			sourceTree = "<group>";
		};
		292BC8DA1DA9405000C97C80 /* Products */ = {
			isa = PBXGroup;
			children = (
				292BC8E31DA9405000C97C80 /* cache.app */,
			);
			name = Products;
			sourceTree = "<group>";
		};
/* End PBXGroup section */

/* Begin PBXNativeTarget section */
		292BC82A1DA7F8E600C97C80 /* multiLanguage */ = {
			isa = PBXNativeTarget;
			buildConfigurationList = 292BC8381DA7F8E600C97C80 /* Build configuration list for PBXNativeTarget "multiLanguage" */;
			buildPhases = (
				292BC8271DA7F8E600C97C80 /* Sources */,
				292BC8281DA7F8E600C97C80 /* Frameworks */,
				292BC8291DA7F8E600C97C80 /* Resources */,
			);
			buildRules = (
			);
			dependencies = (
			);
			name = multiLanguage;
			productName = multiLanguage;
			productReference = 292BC82B1DA7F8E600C97C80 /* multiLanguage.app */;
			productType = "com.apple.product-type.application";
		};
/* End PBXNativeTarget section */

/* Begin PBXProject section */
		292BC8231DA7F8E600C97C80 /* Project object */ = {
			isa = PBXProject;
			attributes = {
				LastSwiftUpdateCheck = 0730;
				LastUpgradeCheck = 0730;
				ORGANIZATIONNAME = davissonwu;
				TargetAttributes = {
					292BC82A1DA7F8E600C97C80 = {
						CreatedOnToolsVersion = 7.3.1;
					};
				};
			};
			buildConfigurationList = 292BC8261DA7F8E600C97C80 /* Build configuration list for PBXProject "multiLanguage" */;
			compatibilityVersion = "Xcode 3.2";
			developmentRegion = English;
			hasScannedForEncodings = 0;
			knownRegions = (
				en,
				Base,
			);
			mainGroup = 292BC8221DA7F8E600C97C80;
			productRefGroup = 292BC82C1DA7F8E600C97C80 /* Products */;
			projectDirPath = "";
			projectReferences = (
				{
					ProductGroup = 292BC8DA1DA9405000C97C80 /* Products */;
					ProjectRef = 292BC8D91DA9405000C97C80 /* cache.xcodeproj */;
				},
			);
			projectRoot = "";
			targets = (
				292BC82A1DA7F8E600C97C80 /* multiLanguage */,
			);
		};
/* End PBXProject section */

/* Begin PBXReferenceProxy section */
		292BC8E31DA9405000C97C80 /* cache.app */ = {
			isa = PBXReferenceProxy;
			fileType = wrapper.application;
			path = cache.app;
			remoteRef = 292BC8E21DA9405000C97C80 /* PBXContainerItemProxy */;
			sourceTree = BUILT_PRODUCTS_DIR;
		};
/* End PBXReferenceProxy section */

/* Begin PBXResourcesBuildPhase section */
		292BC8291DA7F8E600C97C80 /* Resources */ = {
			isa = PBXResourcesBuildPhase;
			buildActionMask = 2147483647;
			files = (
				292BC8311DA7F8E600C97C80 /* Assets.xcassets in Resources */,
				292BC8341DA7F8E600C97C80 /* MainMenu.xib in Resources */,
				292BC8DF1DA9405000C97C80 /* Info.plist in Resources */,
				292BC8DE1DA9405000C97C80 /* MainMenu.xib in Resources */,
			);
			runOnlyForDeploymentPostprocessing = 0;
		};
/* End PBXResourcesBuildPhase section */

/* Begin PBXSourcesBuildPhase section */
		292BC8271DA7F8E600C97C80 /* Sources */ = {
			isa = PBXSourcesBuildPhase;
			buildActionMask = 2147483647;
			files = (
				292BC82F1DA7F8E600C97C80 /* AppDelegate.swift in Sources */,
				292BC8CF1DA93ED200C97C80 /* test.m in Sources */,
				292BC8E61DA9425400C97C80 /* funcs.m in Sources */,
			);
			runOnlyForDeploymentPostprocessing = 0;
		};
/* End PBXSourcesBuildPhase section */

/* Begin PBXVariantGroup section */
		292BC8321DA7F8E600C97C80 /* MainMenu.xib */ = {
			isa = PBXVariantGroup;
			children = (
				292BC8331DA7F8E600C97C80 /* Base */,
			);
			name = MainMenu.xib;
			sourceTree = "<group>";
		};
		292BC8D51DA9405000C97C80 /* MainMenu.xib */ = {
			isa = PBXVariantGroup;
			children = (
				292BC8D61DA9405000C97C80 /* Base */,
			);
			name = MainMenu.xib;
			sourceTree = "<group>";
		};
/* End PBXVariantGroup section */

/* Begin XCBuildConfiguration section */
		292BC8361DA7F8E600C97C80 /* Debug */ = {
			isa = XCBuildConfiguration;
			buildSettings = {
				ALWAYS_SEARCH_USER_PATHS = NO;
				CLANG_ANALYZER_NONNULL = YES;
				CLANG_CXX_LANGUAGE_STANDARD = "gnu++0x";
				CLANG_CXX_LIBRARY = "libc++";
				CLANG_ENABLE_MODULES = YES;
				CLANG_ENABLE_OBJC_ARC = YES;
				CLANG_WARN_BOOL_CONVERSION = YES;
				CLANG_WARN_CONSTANT_CONVERSION = YES;
				CLANG_WARN_DIRECT_OBJC_ISA_USAGE = YES_ERROR;
				CLANG_WARN_EMPTY_BODY = YES;
				CLANG_WARN_ENUM_CONVERSION = YES;
				CLANG_WARN_INT_CONVERSION = YES;
				CLANG_WARN_OBJC_ROOT_CLASS = YES_ERROR;
				CLANG_WARN_UNREACHABLE_CODE = YES;
				CLANG_WARN__DUPLICATE_METHOD_MATCH = YES;
				CODE_SIGN_IDENTITY = "-";
				COPY_PHASE_STRIP = NO;
				DEBUG_INFORMATION_FORMAT = dwarf;
				ENABLE_STRICT_OBJC_MSGSEND = YES;
				ENABLE_TESTABILITY = YES;
				GCC_C_LANGUAGE_STANDARD = gnu99;
				GCC_DYNAMIC_NO_PIC = NO;
				GCC_NO_COMMON_BLOCKS = YES;
				GCC_OPTIMIZATION_LEVEL = 0;
				GCC_PREPROCESSOR_DEFINITIONS = (
					"DEBUG=1",
					"$(inherited)",
				);
				GCC_WARN_64_TO_32_BIT_CONVERSION = YES;
				GCC_WARN_ABOUT_RETURN_TYPE = YES_ERROR;
				GCC_WARN_UNDECLARED_SELECTOR = YES;
				GCC_WARN_UNINITIALIZED_AUTOS = YES_AGGRESSIVE;
				GCC_WARN_UNUSED_FUNCTION = YES;
				GCC_WARN_UNUSED_VARIABLE = YES;
				MACOSX_DEPLOYMENT_TARGET = 10.11;
				MTL_ENABLE_DEBUG_INFO = YES;
				ONLY_ACTIVE_ARCH = YES;
				SDKROOT = macosx;
				SWIFT_OPTIMIZATION_LEVEL = "-Onone";
			};
			name = Debug;
		};
		292BC8371DA7F8E600C97C80 /* Release */ = {
			isa = XCBuildConfiguration;
			buildSettings = {
				ALWAYS_SEARCH_USER_PATHS = NO;
				CLANG_ANALYZER_NONNULL = YES;
				CLANG_CXX_LANGUAGE_STANDARD = "gnu++0x";
				CLANG_CXX_LIBRARY = "libc++";
				CLANG_ENABLE_MODULES = YES;
				CLANG_ENABLE_OBJC_ARC = YES;
				CLANG_WARN_BOOL_CONVERSION = YES;
				CLANG_WARN_CONSTANT_CONVERSION = YES;
				CLANG_WARN_DIRECT_OBJC_ISA_USAGE = YES_ERROR;
				CLANG_WARN_EMPTY_BODY = YES;
				CLANG_WARN_ENUM_CONVERSION = YES;
				CLANG_WARN_INT_CONVERSION = YES;
				CLANG_WARN_OBJC_ROOT_CLASS = YES_ERROR;
				CLANG_WARN_UNREACHABLE_CODE = YES;
				CLANG_WARN__DUPLICATE_METHOD_MATCH = YES;
				CODE_SIGN_IDENTITY = "-";
				COPY_PHASE_STRIP = NO;
				DEBUG_INFORMATION_FORMAT = "dwarf-with-dsym";
				ENABLE_NS_ASSERTIONS = NO;
				ENABLE_STRICT_OBJC_MSGSEND = YES;
				GCC_C_LANGUAGE_STANDARD = gnu99;
				GCC_NO_COMMON_BLOCKS = YES;
				GCC_WARN_64_TO_32_BIT_CONVERSION = YES;
				GCC_WARN_ABOUT_RETURN_TYPE = YES_ERROR;
				GCC_WARN_UNDECLARED_SELECTOR = YES;
				GCC_WARN_UNINITIALIZED_AUTOS = YES_AGGRESSIVE;
				GCC_WARN_UNUSED_FUNCTION = YES;
				GCC_WARN_UNUSED_VARIABLE = YES;
				MACOSX_DEPLOYMENT_TARGET = 10.11;
				MTL_ENABLE_DEBUG_INFO = NO;
				SDKROOT = macosx;
			};
			name = Release;
		};
		292BC8391DA7F8E600C97C80 /* Debug */ = {
			isa = XCBuildConfiguration;
			buildSettings = {
				ASSETCATALOG_COMPILER_APPICON_NAME = AppIcon;
				CLANG_ENABLE_MODULES = YES;
				COMBINE_HIDPI_IMAGES = YES;
				INFOPLIST_FILE = multiLanguage/Info.plist;
				LD_RUNPATH_SEARCH_PATHS = "$(inherited) @executable_path/../Frameworks";
				PRODUCT_BUNDLE_IDENTIFIER = netease.multiLanguage;
				PRODUCT_NAME = "$(TARGET_NAME)";
				SWIFT_OBJC_BRIDGING_HEADER = "multiLanguage/multiLanguage-Bridging-Header.h";
				SWIFT_OPTIMIZATION_LEVEL = "-Onone";
			};
			name = Debug;
		};
		292BC83A1DA7F8E600C97C80 /* Release */ = {
			isa = XCBuildConfiguration;
			buildSettings = {
				ASSETCATALOG_COMPILER_APPICON_NAME = AppIcon;
				CLANG_ENABLE_MODULES = YES;
				COMBINE_HIDPI_IMAGES = YES;
				INFOPLIST_FILE = multiLanguage/Info.plist;
				LD_RUNPATH_SEARCH_PATHS = "$(inherited) @executable_path/../Frameworks";
				PRODUCT_BUNDLE_IDENTIFIER = netease.multiLanguage;
				PRODUCT_NAME = "$(TARGET_NAME)";
				SWIFT_OBJC_BRIDGING_HEADER = "multiLanguage/multiLanguage-Bridging-Header.h";
			};
			name = Release;
		};
/* End XCBuildConfiguration section */

/* Begin XCConfigurationList section */
		292BC8261DA7F8E600C97C80 /* Build configuration list for PBXProject "multiLanguage" */ = {
			isa = XCConfigurationList;
			buildConfigurations = (
				292BC8361DA7F8E600C97C80 /* Debug */,
				292BC8371DA7F8E600C97C80 /* Release */,
			);
			defaultConfigurationIsVisible = 0;
			defaultConfigurationName = Release;
		};
		292BC8381DA7F8E600C97C80 /* Build configuration list for PBXNativeTarget "multiLanguage" */ = {
			isa = XCConfigurationList;
			buildConfigurations = (
				292BC8391DA7F8E600C97C80 /* Debug */,
				292BC83A1DA7F8E600C97C80 /* Release */,
			);
			defaultConfigurationIsVisible = 0;
			defaultConfigurationName = Release;
		};
/* End XCConfigurationList section */
	};
	rootObject = 292BC8231DA7F8E600C97C80 /* Project object */;
}
